
Microsoft Visual Studio Solution File, Format Version 12.00
# Visual Studio 15
VisualStudioVersion = 15.0.28010.2046
MinimumVisualStudioVersion = 10.0.40219.1
Project("{FAE04EC0-301F-11D3-BF4B-00C04F79EFBC}") = "SimpleSOAPJsonConsumer", "SimpleSOAPJsonConsumer\SimpleSOAPJsonConsumer.csproj", "{31C3FE24-8798-4E5D-B3EA-4D6AF17B8844}"
EndProject
Global
	GlobalSection(SolutionConfigurationPlatforms) = preSolution
		Debug|Any CPU = Debug|Any CPU
		Release|Any CPU = Release|Any CPU
	EndGlobalSection
	GlobalSection(ProjectConfigurationPlatforms) = postSolution
		{31C3FE24-8798-4E5D-B3EA-4D6AF17B8844}.Debug|Any CPU.ActiveCfg = Debug|Any CPU
		{31C3FE24-8798-4E5D-B3EA-4D6AF17B8844}.Debug|Any CPU.Build.0 = Debug|Any CPU
		{31C3FE24-8798-4E5D-B3EA-4D6AF17B8844}.Release|Any CPU.ActiveCfg = Release|Any CPU
		{31C3FE24-8798-4E5D-B3EA-4D6AF17B8844}.Release|Any CPU.Build.0 = Release|Any CPU
	EndGlobalSection
	GlobalSection(SolutionProperties) = preSolution
		HideSolutionNode = FALSE
	EndGlobalSection
	GlobalSection(ExtensibilityGlobals) = postSolution
		SolutionGuid = {7BD2C0D8-EEE1-4829-8B3A-D2313DE095C3}
	EndGlobalSection
EndGlobal
